
Microsoft Visual Studio Solution File, Format Version 12.00
# Visual Studio Version 16
VisualStudioVersion = 16.0.29728.190
MinimumVisualStudioVersion = 10.0.40219.1
Project("{9A19103F-16F7-4668-BE54-9A1E7A4F7556}") = "Cipher", "Cipher\Cipher.csproj", "{D5D3FDCD-24E0-4AA4-87E6-4EA13DCAF535}"
EndProject
Project("{2150E333-8FDC-42A3-9474-1A3956D46DE8}") = "Cipher", "Cipher", "{B857F830-241B-4B2C-A860-0BDAF236E075}"
EndProject
Project("{9A19103F-16F7-4668-BE54-9A1E7A4F7556}") = "CipherTests", "CipherTests\CipherTests.csproj", "{3B90EE0F-BBA5-46CC-9005-00361193EAE5}"
EndProject
Project("{2150E333-8FDC-42A3-9474-1A3956D46DE8}") = "Positions Average", "Positions Average", "{2EEF7E28-E725-4AD3-BC73-323C78DA2CB2}"
EndProject
Project("{9A19103F-16F7-4668-BE54-9A1E7A4F7556}") = "PositionsAverage", "PositionsAverage\PositionsAverage.csproj", "{5F956F29-412A-49A4-B587-F6888DA6A89F}"
EndProject
Project("{9A19103F-16F7-4668-BE54-9A1E7A4F7556}") = "PositionsAverageTests", "PositionsAverageTests\PositionsAverageTests.csproj", "{BB5886FC-1F1C-4AD3-8BE9-E237EF833B82}"
EndProject
Project("{2150E333-8FDC-42A3-9474-1A3956D46DE8}") = "Next Bigger Number", "Next Bigger Number", "{5157E97C-FEE1-4512-A060-3F29E0806165}"
EndProject
Project("{FAE04EC0-301F-11D3-BF4B-00C04F79EFBC}") = "NextBiggerNumber", "NextBiggerNumber\NextBiggerNumber.csproj", "{68410FC9-C22B-4311-92AA-8AC6C725E2F3}"
EndProject
Project("{FAE04EC0-301F-11D3-BF4B-00C04F79EFBC}") = "NextBiggerNumberTests", "NextBiggerNumberTests\NextBiggerNumberTests.csproj", "{ADF774DF-5D6F-41AE-9B76-35E32C2F2248}"
EndProject
Global
	GlobalSection(SolutionConfigurationPlatforms) = preSolution
		Debug|Any CPU = Debug|Any CPU
		Release|Any CPU = Release|Any CPU
	EndGlobalSection
	GlobalSection(ProjectConfigurationPlatforms) = postSolution
		{D5D3FDCD-24E0-4AA4-87E6-4EA13DCAF535}.Debug|Any CPU.ActiveCfg = Debug|Any CPU
		{D5D3FDCD-24E0-4AA4-87E6-4EA13DCAF535}.Debug|Any CPU.Build.0 = Debug|Any CPU
		{D5D3FDCD-24E0-4AA4-87E6-4EA13DCAF535}.Release|Any CPU.ActiveCfg = Release|Any CPU
		{D5D3FDCD-24E0-4AA4-87E6-4EA13DCAF535}.Release|Any CPU.Build.0 = Release|Any CPU
		{3B90EE0F-BBA5-46CC-9005-00361193EAE5}.Debug|Any CPU.ActiveCfg = Debug|Any CPU
		{3B90EE0F-BBA5-46CC-9005-00361193EAE5}.Debug|Any CPU.Build.0 = Debug|Any CPU
		{3B90EE0F-BBA5-46CC-9005-00361193EAE5}.Release|Any CPU.ActiveCfg = Release|Any CPU
		{3B90EE0F-BBA5-46CC-9005-00361193EAE5}.Release|Any CPU.Build.0 = Release|Any CPU
		{5F956F29-412A-49A4-B587-F6888DA6A89F}.Debug|Any CPU.ActiveCfg = Debug|Any CPU
		{5F956F29-412A-49A4-B587-F6888DA6A89F}.Debug|Any CPU.Build.0 = Debug|Any CPU
		{5F956F29-412A-49A4-B587-F6888DA6A89F}.Release|Any CPU.ActiveCfg = Release|Any CPU
		{5F956F29-412A-49A4-B587-F6888DA6A89F}.Release|Any CPU.Build.0 = Release|Any CPU
		{BB5886FC-1F1C-4AD3-8BE9-E237EF833B82}.Debug|Any CPU.ActiveCfg = Debug|Any CPU
		{BB5886FC-1F1C-4AD3-8BE9-E237EF833B82}.Debug|Any CPU.Build.0 = Debug|Any CPU
		{BB5886FC-1F1C-4AD3-8BE9-E237EF833B82}.Release|Any CPU.ActiveCfg = Release|Any CPU
		{BB5886FC-1F1C-4AD3-8BE9-E237EF833B82}.Release|Any CPU.Build.0 = Release|Any CPU
		{68410FC9-C22B-4311-92AA-8AC6C725E2F3}.Debug|Any CPU.ActiveCfg = Debug|Any CPU
		{68410FC9-C22B-4311-92AA-8AC6C725E2F3}.Debug|Any CPU.Build.0 = Debug|Any CPU
		{68410FC9-C22B-4311-92AA-8AC6C725E2F3}.Release|Any CPU.ActiveCfg = Release|Any CPU
		{68410FC9-C22B-4311-92AA-8AC6C725E2F3}.Release|Any CPU.Build.0 = Release|Any CPU
		{ADF774DF-5D6F-41AE-9B76-35E32C2F2248}.Debug|Any CPU.ActiveCfg = Debug|Any CPU
		{ADF774DF-5D6F-41AE-9B76-35E32C2F2248}.Debug|Any CPU.Build.0 = Debug|Any CPU
		{ADF774DF-5D6F-41AE-9B76-35E32C2F2248}.Release|Any CPU.ActiveCfg = Release|Any CPU
		{ADF774DF-5D6F-41AE-9B76-35E32C2F2248}.Release|Any CPU.Build.0 = Release|Any CPU
	EndGlobalSection
	GlobalSection(SolutionProperties) = preSolution
		HideSolutionNode = FALSE
	EndGlobalSection
	GlobalSection(NestedProjects) = preSolution
		{D5D3FDCD-24E0-4AA4-87E6-4EA13DCAF535} = {B857F830-241B-4B2C-A860-0BDAF236E075}
		{3B90EE0F-BBA5-46CC-9005-00361193EAE5} = {B857F830-241B-4B2C-A860-0BDAF236E075}
		{5F956F29-412A-49A4-B587-F6888DA6A89F} = {2EEF7E28-E725-4AD3-BC73-323C78DA2CB2}
		{BB5886FC-1F1C-4AD3-8BE9-E237EF833B82} = {2EEF7E28-E725-4AD3-BC73-323C78DA2CB2}
		{68410FC9-C22B-4311-92AA-8AC6C725E2F3} = {5157E97C-FEE1-4512-A060-3F29E0806165}
		{ADF774DF-5D6F-41AE-9B76-35E32C2F2248} = {5157E97C-FEE1-4512-A060-3F29E0806165}
	EndGlobalSection
	GlobalSection(ExtensibilityGlobals) = postSolution
		SolutionGuid = {F78BA325-EFB1-4329-BA7F-56371B505B9F}
	EndGlobalSection
EndGlobal
